
Microsoft Visual Studio Solution File, Format Version 12.00
# Visual Studio Version 17
VisualStudioVersion = 17.1.32328.378
MinimumVisualStudioVersion = 10.0.40219.1
Project("{FAE04EC0-301F-11D3-BF4B-00C04F79EFBC}") = "Services.SubModules.Configurations", "Services.SubModules.Configurations\Services.SubModules.Configurations.csproj", "{E1793246-6919-4C7D-9340-6424E56641CA}"
EndProject
Project("{FAE04EC0-301F-11D3-BF4B-00C04F79EFBC}") = "Services.SubModules.DataLayers", "Services.SubModules.DataLayers\Services.SubModules.DataLayers.csproj", "{C3F94B7E-CBEE-49C9-B206-953E565E7C9E}"
EndProject
Project("{FAE04EC0-301F-11D3-BF4B-00C04F79EFBC}") = "Services.SubModules.LogicLayers", "Services.SubModules.LogicLayers\Services.SubModules.LogicLayers.csproj", "{AB3A2780-2187-4C6D-8639-6457CF41C621}"
EndProject
Global
	GlobalSection(SolutionConfigurationPlatforms) = preSolution
		Debug|Any CPU = Debug|Any CPU
		Release|Any CPU = Release|Any CPU
	EndGlobalSection
	GlobalSection(ProjectConfigurationPlatforms) = postSolution
		{E1793246-6919-4C7D-9340-6424E56641CA}.Debug|Any CPU.ActiveCfg = Debug|Any CPU
		{E1793246-6919-4C7D-9340-6424E56641CA}.Debug|Any CPU.Build.0 = Debug|Any CPU
		{E1793246-6919-4C7D-9340-6424E56641CA}.Release|Any CPU.ActiveCfg = Release|Any CPU
		{E1793246-6919-4C7D-9340-6424E56641CA}.Release|Any CPU.Build.0 = Release|Any CPU
		{C3F94B7E-CBEE-49C9-B206-953E565E7C9E}.Debug|Any CPU.ActiveCfg = Debug|Any CPU
		{C3F94B7E-CBEE-49C9-B206-953E565E7C9E}.Debug|Any CPU.Build.0 = Debug|Any CPU
		{C3F94B7E-CBEE-49C9-B206-953E565E7C9E}.Release|Any CPU.ActiveCfg = Release|Any CPU
		{C3F94B7E-CBEE-49C9-B206-953E565E7C9E}.Release|Any CPU.Build.0 = Release|Any CPU
		{AB3A2780-2187-4C6D-8639-6457CF41C621}.Debug|Any CPU.ActiveCfg = Debug|Any CPU
		{AB3A2780-2187-4C6D-8639-6457CF41C621}.Debug|Any CPU.Build.0 = Debug|Any CPU
		{AB3A2780-2187-4C6D-8639-6457CF41C621}.Release|Any CPU.ActiveCfg = Release|Any CPU
		{AB3A2780-2187-4C6D-8639-6457CF41C621}.Release|Any CPU.Build.0 = Release|Any CPU
	EndGlobalSection
	GlobalSection(SolutionProperties) = preSolution
		HideSolutionNode = FALSE
	EndGlobalSection
	GlobalSection(ExtensibilityGlobals) = postSolution
		SolutionGuid = {892757DD-A2A9-4FE9-A706-DF22B256919F}
	EndGlobalSection
EndGlobal
